
Microsoft Visual Studio Solution File, Format Version 12.00
# Visual Studio Version 17
VisualStudioVersion = 17.6.33829.357
MinimumVisualStudioVersion = 10.0.40219.1
Project("{9A19103F-16F7-4668-BE54-9A1E7A4F7556}") = "MyBoards", "MyBoards.csproj", "{F8AAC0D9-11D9-43C3-882F-9F461A732DA9}"
EndProject
Project("{FAE04EC0-301F-11D3-BF4B-00C04F79EFBC}") = "MyBoards.Benchmark", "..\MyBoards.Benchmark\MyBoards.Benchmark.csproj", "{CAEC1657-FAAD-4DD6-BC87-33661F9DCAEF}"
EndProject
Global
	GlobalSection(SolutionConfigurationPlatforms) = preSolution
		Debug|Any CPU = Debug|Any CPU
		Release|Any CPU = Release|Any CPU
	EndGlobalSection
	GlobalSection(ProjectConfigurationPlatforms) = postSolution
		{F8AAC0D9-11D9-43C3-882F-9F461A732DA9}.Debug|Any CPU.ActiveCfg = Debug|Any CPU
		{F8AAC0D9-11D9-43C3-882F-9F461A732DA9}.Debug|Any CPU.Build.0 = Debug|Any CPU
		{F8AAC0D9-11D9-43C3-882F-9F461A732DA9}.Release|Any CPU.ActiveCfg = Release|Any CPU
		{F8AAC0D9-11D9-43C3-882F-9F461A732DA9}.Release|Any CPU.Build.0 = Release|Any CPU
		{CAEC1657-FAAD-4DD6-BC87-33661F9DCAEF}.Debug|Any CPU.ActiveCfg = Debug|Any CPU
		{CAEC1657-FAAD-4DD6-BC87-33661F9DCAEF}.Debug|Any CPU.Build.0 = Debug|Any CPU
		{CAEC1657-FAAD-4DD6-BC87-33661F9DCAEF}.Release|Any CPU.ActiveCfg = Release|Any CPU
		{CAEC1657-FAAD-4DD6-BC87-33661F9DCAEF}.Release|Any CPU.Build.0 = Release|Any CPU
	EndGlobalSection
	GlobalSection(SolutionProperties) = preSolution
		HideSolutionNode = FALSE
	EndGlobalSection
	GlobalSection(ExtensibilityGlobals) = postSolution
		SolutionGuid = {2E56ADA3-10FE-4EDC-A86B-A3E7EC796FD8}
	EndGlobalSection
EndGlobal
